
Microsoft Visual Studio Solution File, Format Version 12.00
Project("{FAE04EC0-301F-11D3-BF4B-00C04F79EFBC}") = "BAS24.Auth.Core", "AuthApi\BAS24.Auth.Core\BAS24.Auth.Core.csproj", "{C9C9054E-FCB1-48E3-B3F6-51BF989BA48B}"
EndProject
Project("{FAE04EC0-301F-11D3-BF4B-00C04F79EFBC}") = "BAS24.Auth.Api", "AuthApi\BAS24.Auth.Api\BAS24.Auth.Api.csproj", "{93212158-E74D-47AC-9FEA-B557F306D596}"
EndProject
Project("{FAE04EC0-301F-11D3-BF4B-00C04F79EFBC}") = "BAS24.Auth.Infrastructure", "AuthApi\BAS24.Auth.Infrastructure\BAS24.Auth.Infrastructure.csproj", "{E899EF9A-5835-4D5D-8694-504BE8E830F9}"
EndProject
Project("{FAE04EC0-301F-11D3-BF4B-00C04F79EFBC}") = "BAS24.Auth.Application", "AuthApi\BAS24.Auth.Application\BAS24.Auth.Application.csproj", "{1A8707BF-7578-42A9-A42C-9A7DD1615C6A}"
EndProject
Project("{2150E333-8FDC-42A3-9474-1A3956D46DE8}") = "Microservices", "Microservices", "{E85122C2-0C28-47F3-A554-6B542A17B840}"
EndProject
Project("{2150E333-8FDC-42A3-9474-1A3956D46DE8}") = "BAS24.Auth", "BAS24.Auth", "{26DD2601-2CA0-40BA-AC18-68370DCBCD36}"
	ProjectSection(SolutionItems) = preProject
		AuthApi\Dockerfile = AuthApi\Dockerfile
		AuthApi\.dockerignore = AuthApi\.dockerignore
		AuthApi\script.sh = AuthApi\script.sh
	EndProjectSection
EndProject
Project("{2150E333-8FDC-42A3-9474-1A3956D46DE8}") = "docker-compose", "docker-compose", "{B9E70904-4F73-433B-80DE-1FE602C1FFD4}"
	ProjectSection(SolutionItems) = preProject
		docker-compose.yml = docker-compose.yml
		kafka-compose.yml = kafka-compose.yml
	EndProjectSection
EndProject
Project("{2150E333-8FDC-42A3-9474-1A3956D46DE8}") = "ApiGateWay", "ApiGateWay", "{A6434E52-E428-4D32-86A4-8E612E819E8D}"
EndProject
Project("{FAE04EC0-301F-11D3-BF4B-00C04F79EFBC}") = "ApiGateWay", "ApiGateWay\ApiGateWay.csproj", "{428AF20D-735A-40AB-8417-9EC3E536ADFC}"
EndProject
Project("{2150E333-8FDC-42A3-9474-1A3956D46DE8}") = "Solution Items", "Solution Items", "{E55E3BE0-7EC4-4E49-88CB-99E76BE99F9E}"
	ProjectSection(SolutionItems) = preProject
		.gitignore = .gitignore
		.editorconfig = .editorconfig
		.dockerignore = .dockerignore
		README.md = README.md
	EndProjectSection
EndProject
Project("{2150E333-8FDC-42A3-9474-1A3956D46DE8}") = "BAS24.Product", "BAS24.Product", "{021ED468-4471-4B98-95A7-3F53349AE3C7}"
	ProjectSection(SolutionItems) = preProject
		ProductApi\Dockerfile = ProductApi\Dockerfile
		ProductApi\script.sh = ProductApi\script.sh
		ProductApi\.dockerignore = ProductApi\.dockerignore
	EndProjectSection
EndProject
Project("{FAE04EC0-301F-11D3-BF4B-00C04F79EFBC}") = "BAS24.Product.Api", "ProductApi\BAS24.Product.Api\BAS24.Product.Api.csproj", "{A12F29FD-6790-4C28-9561-63799E461AE0}"
EndProject
Project("{FAE04EC0-301F-11D3-BF4B-00C04F79EFBC}") = "BAS24.Product.Application", "ProductApi\BAS24.Product.Application\BAS24.Product.Application.csproj", "{83CB6396-36EC-4A13-A2CE-54035FB0F022}"
EndProject
Project("{FAE04EC0-301F-11D3-BF4B-00C04F79EFBC}") = "BAS24.Product.Core", "ProductApi\BAS24.Product.Core\BAS24.Product.Core.csproj", "{83BEBAB6-1EB6-43A4-9D3D-9B188F621384}"
EndProject
Project("{FAE04EC0-301F-11D3-BF4B-00C04F79EFBC}") = "BAS24.Product.Infrastructure", "ProductApi\BAS24.Product.Infrastructure\BAS24.Product.Infrastructure.csproj", "{0A0377CA-55E4-4DC9-853E-AD9B4B1F5875}"
EndProject
Project("{FAE04EC0-301F-11D3-BF4B-00C04F79EFBC}") = "BAS24.JwtAuthManager", "BAS24.JwtAuthManager\BAS24.JwtAuthManager.csproj", "{B1127105-B892-4C09-8569-9C9398887CFC}"
EndProject
Global
	GlobalSection(SolutionConfigurationPlatforms) = preSolution
		Debug|Any CPU = Debug|Any CPU
		Release|Any CPU = Release|Any CPU
	EndGlobalSection
	GlobalSection(ProjectConfigurationPlatforms) = postSolution
		{C9C9054E-FCB1-48E3-B3F6-51BF989BA48B}.Debug|Any CPU.ActiveCfg = Debug|Any CPU
		{C9C9054E-FCB1-48E3-B3F6-51BF989BA48B}.Debug|Any CPU.Build.0 = Debug|Any CPU
		{C9C9054E-FCB1-48E3-B3F6-51BF989BA48B}.Release|Any CPU.ActiveCfg = Release|Any CPU
		{C9C9054E-FCB1-48E3-B3F6-51BF989BA48B}.Release|Any CPU.Build.0 = Release|Any CPU
		{93212158-E74D-47AC-9FEA-B557F306D596}.Debug|Any CPU.ActiveCfg = Debug|Any CPU
		{93212158-E74D-47AC-9FEA-B557F306D596}.Debug|Any CPU.Build.0 = Debug|Any CPU
		{93212158-E74D-47AC-9FEA-B557F306D596}.Release|Any CPU.ActiveCfg = Release|Any CPU
		{93212158-E74D-47AC-9FEA-B557F306D596}.Release|Any CPU.Build.0 = Release|Any CPU
		{E899EF9A-5835-4D5D-8694-504BE8E830F9}.Debug|Any CPU.ActiveCfg = Debug|Any CPU
		{E899EF9A-5835-4D5D-8694-504BE8E830F9}.Debug|Any CPU.Build.0 = Debug|Any CPU
		{E899EF9A-5835-4D5D-8694-504BE8E830F9}.Release|Any CPU.ActiveCfg = Release|Any CPU
		{E899EF9A-5835-4D5D-8694-504BE8E830F9}.Release|Any CPU.Build.0 = Release|Any CPU
		{1A8707BF-7578-42A9-A42C-9A7DD1615C6A}.Debug|Any CPU.ActiveCfg = Debug|Any CPU
		{1A8707BF-7578-42A9-A42C-9A7DD1615C6A}.Debug|Any CPU.Build.0 = Debug|Any CPU
		{1A8707BF-7578-42A9-A42C-9A7DD1615C6A}.Release|Any CPU.ActiveCfg = Release|Any CPU
		{1A8707BF-7578-42A9-A42C-9A7DD1615C6A}.Release|Any CPU.Build.0 = Release|Any CPU
		{428AF20D-735A-40AB-8417-9EC3E536ADFC}.Debug|Any CPU.ActiveCfg = Debug|Any CPU
		{428AF20D-735A-40AB-8417-9EC3E536ADFC}.Debug|Any CPU.Build.0 = Debug|Any CPU
		{428AF20D-735A-40AB-8417-9EC3E536ADFC}.Release|Any CPU.ActiveCfg = Release|Any CPU
		{428AF20D-735A-40AB-8417-9EC3E536ADFC}.Release|Any CPU.Build.0 = Release|Any CPU
		{A12F29FD-6790-4C28-9561-63799E461AE0}.Debug|Any CPU.ActiveCfg = Debug|Any CPU
		{A12F29FD-6790-4C28-9561-63799E461AE0}.Debug|Any CPU.Build.0 = Debug|Any CPU
		{A12F29FD-6790-4C28-9561-63799E461AE0}.Release|Any CPU.ActiveCfg = Release|Any CPU
		{A12F29FD-6790-4C28-9561-63799E461AE0}.Release|Any CPU.Build.0 = Release|Any CPU
		{83CB6396-36EC-4A13-A2CE-54035FB0F022}.Debug|Any CPU.ActiveCfg = Debug|Any CPU
		{83CB6396-36EC-4A13-A2CE-54035FB0F022}.Debug|Any CPU.Build.0 = Debug|Any CPU
		{83CB6396-36EC-4A13-A2CE-54035FB0F022}.Release|Any CPU.ActiveCfg = Release|Any CPU
		{83CB6396-36EC-4A13-A2CE-54035FB0F022}.Release|Any CPU.Build.0 = Release|Any CPU
		{83BEBAB6-1EB6-43A4-9D3D-9B188F621384}.Debug|Any CPU.ActiveCfg = Debug|Any CPU
		{83BEBAB6-1EB6-43A4-9D3D-9B188F621384}.Debug|Any CPU.Build.0 = Debug|Any CPU
		{83BEBAB6-1EB6-43A4-9D3D-9B188F621384}.Release|Any CPU.ActiveCfg = Release|Any CPU
		{83BEBAB6-1EB6-43A4-9D3D-9B188F621384}.Release|Any CPU.Build.0 = Release|Any CPU
		{0A0377CA-55E4-4DC9-853E-AD9B4B1F5875}.Debug|Any CPU.ActiveCfg = Debug|Any CPU
		{0A0377CA-55E4-4DC9-853E-AD9B4B1F5875}.Debug|Any CPU.Build.0 = Debug|Any CPU
		{0A0377CA-55E4-4DC9-853E-AD9B4B1F5875}.Release|Any CPU.ActiveCfg = Release|Any CPU
		{0A0377CA-55E4-4DC9-853E-AD9B4B1F5875}.Release|Any CPU.Build.0 = Release|Any CPU
		{B1127105-B892-4C09-8569-9C9398887CFC}.Debug|Any CPU.ActiveCfg = Debug|Any CPU
		{B1127105-B892-4C09-8569-9C9398887CFC}.Debug|Any CPU.Build.0 = Debug|Any CPU
		{B1127105-B892-4C09-8569-9C9398887CFC}.Release|Any CPU.ActiveCfg = Release|Any CPU
		{B1127105-B892-4C09-8569-9C9398887CFC}.Release|Any CPU.Build.0 = Release|Any CPU
	EndGlobalSection
	GlobalSection(NestedProjects) = preSolution
		{26DD2601-2CA0-40BA-AC18-68370DCBCD36} = {E85122C2-0C28-47F3-A554-6B542A17B840}
		{93212158-E74D-47AC-9FEA-B557F306D596} = {26DD2601-2CA0-40BA-AC18-68370DCBCD36}
		{1A8707BF-7578-42A9-A42C-9A7DD1615C6A} = {26DD2601-2CA0-40BA-AC18-68370DCBCD36}
		{C9C9054E-FCB1-48E3-B3F6-51BF989BA48B} = {26DD2601-2CA0-40BA-AC18-68370DCBCD36}
		{E899EF9A-5835-4D5D-8694-504BE8E830F9} = {26DD2601-2CA0-40BA-AC18-68370DCBCD36}
		{428AF20D-735A-40AB-8417-9EC3E536ADFC} = {A6434E52-E428-4D32-86A4-8E612E819E8D}
		{021ED468-4471-4B98-95A7-3F53349AE3C7} = {E85122C2-0C28-47F3-A554-6B542A17B840}
		{A12F29FD-6790-4C28-9561-63799E461AE0} = {021ED468-4471-4B98-95A7-3F53349AE3C7}
		{83CB6396-36EC-4A13-A2CE-54035FB0F022} = {021ED468-4471-4B98-95A7-3F53349AE3C7}
		{83BEBAB6-1EB6-43A4-9D3D-9B188F621384} = {021ED468-4471-4B98-95A7-3F53349AE3C7}
		{0A0377CA-55E4-4DC9-853E-AD9B4B1F5875} = {021ED468-4471-4B98-95A7-3F53349AE3C7}
		{B1127105-B892-4C09-8569-9C9398887CFC} = {E85122C2-0C28-47F3-A554-6B542A17B840}
	EndGlobalSection
EndGlobal
